
Microsoft Visual Studio Solution File, Format Version 12.00
# Visual Studio Version 17
VisualStudioVersion = 17.5.33424.131
MinimumVisualStudioVersion = 10.0.40219.1
Project("{FAE04EC0-301F-11D3-BF4B-00C04F79EFBC}") = "Lab1", "Lab1.csproj", "{2572F1C2-4563-4923-B867-B4A186EF8A9B}"
EndProject
Global
	GlobalSection(SolutionConfigurationPlatforms) = preSolution
		Debug|Any CPU = Debug|Any CPU
		Release|Any CPU = Release|Any CPU
	EndGlobalSection
	GlobalSection(ProjectConfigurationPlatforms) = postSolution
		{2572F1C2-4563-4923-B867-B4A186EF8A9B}.Debug|Any CPU.ActiveCfg = Debug|Any CPU
		{2572F1C2-4563-4923-B867-B4A186EF8A9B}.Debug|Any CPU.Build.0 = Debug|Any CPU
		{2572F1C2-4563-4923-B867-B4A186EF8A9B}.Release|Any CPU.ActiveCfg = Release|Any CPU
		{2572F1C2-4563-4923-B867-B4A186EF8A9B}.Release|Any CPU.Build.0 = Release|Any CPU
	EndGlobalSection
	GlobalSection(SolutionProperties) = preSolution
		HideSolutionNode = FALSE
	EndGlobalSection
	GlobalSection(ExtensibilityGlobals) = postSolution
		SolutionGuid = {F848FC88-96F6-49DD-87CF-1489110EDAE0}
	EndGlobalSection
EndGlobal
