
Microsoft Visual Studio Solution File, Format Version 12.00
# Visual Studio Version 17
VisualStudioVersion = 17.5.33516.290
MinimumVisualStudioVersion = 10.0.40219.1
Project("{FAE04EC0-301F-11D3-BF4B-00C04F79EFBC}") = "Lab4", "Lab4.csproj", "{0B5E57FC-D27F-4F53-A13D-7800516609AF}"
EndProject
Global
	GlobalSection(SolutionConfigurationPlatforms) = preSolution
		Debug|Any CPU = Debug|Any CPU
		Release|Any CPU = Release|Any CPU
	EndGlobalSection
	GlobalSection(ProjectConfigurationPlatforms) = postSolution
		{0B5E57FC-D27F-4F53-A13D-7800516609AF}.Debug|Any CPU.ActiveCfg = Debug|Any CPU
		{0B5E57FC-D27F-4F53-A13D-7800516609AF}.Debug|Any CPU.Build.0 = Debug|Any CPU
		{0B5E57FC-D27F-4F53-A13D-7800516609AF}.Release|Any CPU.ActiveCfg = Release|Any CPU
		{0B5E57FC-D27F-4F53-A13D-7800516609AF}.Release|Any CPU.Build.0 = Release|Any CPU
	EndGlobalSection
	GlobalSection(SolutionProperties) = preSolution
		HideSolutionNode = FALSE
	EndGlobalSection
	GlobalSection(ExtensibilityGlobals) = postSolution
		SolutionGuid = {29E217A2-D9D6-4FAC-AFE3-19D41F403DC4}
	EndGlobalSection
EndGlobal
